
Microsoft Visual Studio Solution File, Format Version 12.00
# Visual Studio Version 16
VisualStudioVersion = 16.0.29326.143
MinimumVisualStudioVersion = 10.0.40219.1
Project("{8BC9CEB8-8B4A-11D0-8D11-00A0C91BC942}") = "01-ErrorShow", "01-ErrorShow\01-ErrorShow.vcxproj", "{B12702AD-ABFB-343A-A199-8E24837244A3}"
EndProject
Project("{8BC9CEB8-8B4A-11D0-8D11-00A0C91BC942}") = "03-Singleton", "03-Singleton\03-Singleton.vcxproj", "{327A1999-B3CB-4EB3-BF54-8EF14ABE7578}"
EndProject
Project("{8BC9CEB8-8B4A-11D0-8D11-00A0C91BC942}") = "04-ProcessInfo", "04-ProcessInfo\04-ProcessInfo.vcxproj", "{5D70E578-0339-4B4E-AF82-00B08B119FEC}"
EndProject
Project("{8BC9CEB8-8B4A-11D0-8D11-00A0C91BC942}") = "11-Batch", "11-Batch\11-Batch.vcxproj", "{D070D107-E974-485F-B08F-F87BDE5F923A}"
EndProject
Project("{8BC9CEB8-8B4A-11D0-8D11-00A0C91BC942}") = "11-TimedMsgBox", "11-TimedMsgBox\11-TimedMsgBox.vcxproj", "{D799FCB2-1D9A-4A40-8B21-5ADACE1B31CE}"
EndProject
Project("{8BC9CEB8-8B4A-11D0-8D11-00A0C91BC942}") = "14-SysInfo", "14-SysInfo\14-SysInfo.vcxproj", "{5FCBC3F2-67EC-44F3-B8B5-FF168F4C43E3}"
EndProject
Project("{8BC9CEB8-8B4A-11D0-8D11-00A0C91BC942}") = "14-VMMap", "14-VMMap\14-VMMap.vcxproj", "{00145FFB-9FC4-4050-8FC2-C30FF9E709E7}"
EndProject
Project("{8BC9CEB8-8B4A-11D0-8D11-00A0C91BC942}") = "14-VMStat", "14-VMStat\14-VMStat.vcxproj", "{530F042F-B545-4F90-BA89-A2F4A190D12D}"
EndProject
Project("{8BC9CEB8-8B4A-11D0-8D11-00A0C91BC942}") = "15-VMAlloc", "15-VMAlloc\15-VMAlloc.vcxproj", "{A24BED64-C249-4B4B-B638-AF27844E1C1F}"
EndProject
Project("{8BC9CEB8-8B4A-11D0-8D11-00A0C91BC942}") = "16-Summation", "16-Summation\16-Summation.vcxproj", "{81167920-C2D5-4ED1-81E7-F5BFBCA4B3F0}"
EndProject
Project("{8BC9CEB8-8B4A-11D0-8D11-00A0C91BC942}") = "17-AppInst", "17-AppInst\17-AppInst.vcxproj", "{D3BB5BA9-515B-414A-B80A-486567F17B48}"
EndProject
Project("{8BC9CEB8-8B4A-11D0-8D11-00A0C91BC942}") = "17-FileRev", "17-FileRev\17-FileRev.vcxproj", "{3FAF62F1-BC2E-445D-AECA-653CFBE83387}"
EndProject
Project("{8BC9CEB8-8B4A-11D0-8D11-00A0C91BC942}") = "17-MMFShare", "17-MMFShare\17-MMFShare.vcxproj", "{47DC9668-DD17-4E84-A93E-9F7C38D37900}"
EndProject
Project("{8BC9CEB8-8B4A-11D0-8D11-00A0C91BC942}") = "22-ImgWalk", "22-ImgWalk\22-ImgWalk.vcxproj", "{8BF00763-2101-4118-A200-EF419B0161AD}"
EndProject
Project("{8BC9CEB8-8B4A-11D0-8D11-00A0C91BC942}") = "22-InjLib-x64", "22-InjLib-x64\22-InjLib-x64.vcxproj", "{92BA860B-D942-4601-97E3-EAE4839ABFE4}"
EndProject
Project("{8BC9CEB8-8B4A-11D0-8D11-00A0C91BC942}") = "22-LastMsgBoxInfo", "22-LastMsgBoxInfo\22-LastMsgBoxInfo.vcxproj", "{3AA22119-43D8-461B-B5F9-39A6AA87A1FA}"
EndProject
Project("{8BC9CEB8-8B4A-11D0-8D11-00A0C91BC942}") = "22-LastMsgBoxInfoLib", "22-LastMsgBoxInfoLib\22-LastMsgBoxInfoLib.vcxproj", "{D4AFE70F-C9F7-46E5-A177-9C740C84A4DD}"
EndProject
Project("{8BC9CEB8-8B4A-11D0-8D11-00A0C91BC942}") = "22-LastMsgBoxInfo-x64", "22-LastMsgBoxInfo-x64\22-LastMsgBoxInfo-x64.vcxproj", "{377FC936-D31E-43DB-A42A-A1418977BC58}"
EndProject
Project("{8BC9CEB8-8B4A-11D0-8D11-00A0C91BC942}") = "23-SEHTerm", "23-SEHTerm\23-SEHTerm.vcxproj", "{551CFB0D-5983-49C3-9CDF-16CEA881FBC2}"
EndProject
Project("{2150E333-8FDC-42A3-9474-1A3956D46DE8}") = "Solution Items", "Solution Items", "{F65E26E6-71DD-4228-8F72-BEC225CE09C1}"
	ProjectSection(SolutionItems) = preProject
		CommonFiles\CmnHdr.h = CommonFiles\CmnHdr.h
		README.md = README.md
		CommonFiles\Toolhelp.h = CommonFiles\Toolhelp.h
	EndProjectSection
EndProject
Global
	GlobalSection(SolutionConfigurationPlatforms) = preSolution
		Debug|x64 = Debug|x64
		Debug|x86 = Debug|x86
		Release|x64 = Release|x64
		Release|x86 = Release|x86
	EndGlobalSection
	GlobalSection(ProjectConfigurationPlatforms) = postSolution
		{B12702AD-ABFB-343A-A199-8E24837244A3}.Debug|x64.ActiveCfg = Debug|Win32
		{B12702AD-ABFB-343A-A199-8E24837244A3}.Debug|x86.ActiveCfg = Debug|Win32
		{B12702AD-ABFB-343A-A199-8E24837244A3}.Debug|x86.Build.0 = Debug|Win32
		{B12702AD-ABFB-343A-A199-8E24837244A3}.Release|x64.ActiveCfg = Release|Win32
		{B12702AD-ABFB-343A-A199-8E24837244A3}.Release|x86.ActiveCfg = Release|Win32
		{B12702AD-ABFB-343A-A199-8E24837244A3}.Release|x86.Build.0 = Release|Win32
		{327A1999-B3CB-4EB3-BF54-8EF14ABE7578}.Debug|x64.ActiveCfg = Debug|x64
		{327A1999-B3CB-4EB3-BF54-8EF14ABE7578}.Debug|x64.Build.0 = Debug|x64
		{327A1999-B3CB-4EB3-BF54-8EF14ABE7578}.Debug|x86.ActiveCfg = Debug|x64
		{327A1999-B3CB-4EB3-BF54-8EF14ABE7578}.Release|x64.ActiveCfg = Release|x64
		{327A1999-B3CB-4EB3-BF54-8EF14ABE7578}.Release|x64.Build.0 = Release|x64
		{327A1999-B3CB-4EB3-BF54-8EF14ABE7578}.Release|x86.ActiveCfg = Release|x64
		{5D70E578-0339-4B4E-AF82-00B08B119FEC}.Debug|x64.ActiveCfg = Debug|Win32
		{5D70E578-0339-4B4E-AF82-00B08B119FEC}.Debug|x86.ActiveCfg = Debug|Win32
		{5D70E578-0339-4B4E-AF82-00B08B119FEC}.Debug|x86.Build.0 = Debug|Win32
		{5D70E578-0339-4B4E-AF82-00B08B119FEC}.Release|x64.ActiveCfg = Release|Win32
		{5D70E578-0339-4B4E-AF82-00B08B119FEC}.Release|x86.ActiveCfg = Release|Win32
		{5D70E578-0339-4B4E-AF82-00B08B119FEC}.Release|x86.Build.0 = Release|Win32
		{D070D107-E974-485F-B08F-F87BDE5F923A}.Debug|x64.ActiveCfg = Debug|Win32
		{D070D107-E974-485F-B08F-F87BDE5F923A}.Debug|x86.ActiveCfg = Debug|Win32
		{D070D107-E974-485F-B08F-F87BDE5F923A}.Debug|x86.Build.0 = Debug|Win32
		{D070D107-E974-485F-B08F-F87BDE5F923A}.Release|x64.ActiveCfg = Release|Win32
		{D070D107-E974-485F-B08F-F87BDE5F923A}.Release|x86.ActiveCfg = Release|Win32
		{D070D107-E974-485F-B08F-F87BDE5F923A}.Release|x86.Build.0 = Release|Win32
		{D799FCB2-1D9A-4A40-8B21-5ADACE1B31CE}.Debug|x64.ActiveCfg = Debug|x64
		{D799FCB2-1D9A-4A40-8B21-5ADACE1B31CE}.Debug|x64.Build.0 = Debug|x64
		{D799FCB2-1D9A-4A40-8B21-5ADACE1B31CE}.Debug|x86.ActiveCfg = Debug|Win32
		{D799FCB2-1D9A-4A40-8B21-5ADACE1B31CE}.Debug|x86.Build.0 = Debug|Win32
		{D799FCB2-1D9A-4A40-8B21-5ADACE1B31CE}.Release|x64.ActiveCfg = Release|x64
		{D799FCB2-1D9A-4A40-8B21-5ADACE1B31CE}.Release|x64.Build.0 = Release|x64
		{D799FCB2-1D9A-4A40-8B21-5ADACE1B31CE}.Release|x86.ActiveCfg = Release|Win32
		{D799FCB2-1D9A-4A40-8B21-5ADACE1B31CE}.Release|x86.Build.0 = Release|Win32
		{5FCBC3F2-67EC-44F3-B8B5-FF168F4C43E3}.Debug|x64.ActiveCfg = Debug|Win32
		{5FCBC3F2-67EC-44F3-B8B5-FF168F4C43E3}.Debug|x86.ActiveCfg = Debug|Win32
		{5FCBC3F2-67EC-44F3-B8B5-FF168F4C43E3}.Debug|x86.Build.0 = Debug|Win32
		{5FCBC3F2-67EC-44F3-B8B5-FF168F4C43E3}.Release|x64.ActiveCfg = Release|Win32
		{5FCBC3F2-67EC-44F3-B8B5-FF168F4C43E3}.Release|x86.ActiveCfg = Release|Win32
		{5FCBC3F2-67EC-44F3-B8B5-FF168F4C43E3}.Release|x86.Build.0 = Release|Win32
		{00145FFB-9FC4-4050-8FC2-C30FF9E709E7}.Debug|x64.ActiveCfg = Debug|Win32
		{00145FFB-9FC4-4050-8FC2-C30FF9E709E7}.Debug|x86.ActiveCfg = Debug|Win32
		{00145FFB-9FC4-4050-8FC2-C30FF9E709E7}.Debug|x86.Build.0 = Debug|Win32
		{00145FFB-9FC4-4050-8FC2-C30FF9E709E7}.Release|x64.ActiveCfg = Release|Win32
		{00145FFB-9FC4-4050-8FC2-C30FF9E709E7}.Release|x86.ActiveCfg = Release|Win32
		{00145FFB-9FC4-4050-8FC2-C30FF9E709E7}.Release|x86.Build.0 = Release|Win32
		{530F042F-B545-4F90-BA89-A2F4A190D12D}.Debug|x64.ActiveCfg = Debug|Win32
		{530F042F-B545-4F90-BA89-A2F4A190D12D}.Debug|x86.ActiveCfg = Debug|Win32
		{530F042F-B545-4F90-BA89-A2F4A190D12D}.Debug|x86.Build.0 = Debug|Win32
		{530F042F-B545-4F90-BA89-A2F4A190D12D}.Release|x64.ActiveCfg = Release|Win32
		{530F042F-B545-4F90-BA89-A2F4A190D12D}.Release|x86.ActiveCfg = Release|Win32
		{530F042F-B545-4F90-BA89-A2F4A190D12D}.Release|x86.Build.0 = Release|Win32
		{A24BED64-C249-4B4B-B638-AF27844E1C1F}.Debug|x64.ActiveCfg = Debug|Win32
		{A24BED64-C249-4B4B-B638-AF27844E1C1F}.Debug|x86.ActiveCfg = Debug|Win32
		{A24BED64-C249-4B4B-B638-AF27844E1C1F}.Debug|x86.Build.0 = Debug|Win32
		{A24BED64-C249-4B4B-B638-AF27844E1C1F}.Release|x64.ActiveCfg = Release|Win32
		{A24BED64-C249-4B4B-B638-AF27844E1C1F}.Release|x86.ActiveCfg = Release|Win32
		{A24BED64-C249-4B4B-B638-AF27844E1C1F}.Release|x86.Build.0 = Release|Win32
		{81167920-C2D5-4ED1-81E7-F5BFBCA4B3F0}.Debug|x64.ActiveCfg = Debug|Win32
		{81167920-C2D5-4ED1-81E7-F5BFBCA4B3F0}.Debug|x86.ActiveCfg = Debug|Win32
		{81167920-C2D5-4ED1-81E7-F5BFBCA4B3F0}.Debug|x86.Build.0 = Debug|Win32
		{81167920-C2D5-4ED1-81E7-F5BFBCA4B3F0}.Release|x64.ActiveCfg = Release|Win32
		{81167920-C2D5-4ED1-81E7-F5BFBCA4B3F0}.Release|x86.ActiveCfg = Release|Win32
		{81167920-C2D5-4ED1-81E7-F5BFBCA4B3F0}.Release|x86.Build.0 = Release|Win32
		{D3BB5BA9-515B-414A-B80A-486567F17B48}.Debug|x64.ActiveCfg = Debug|Win32
		{D3BB5BA9-515B-414A-B80A-486567F17B48}.Debug|x86.ActiveCfg = Debug|Win32
		{D3BB5BA9-515B-414A-B80A-486567F17B48}.Debug|x86.Build.0 = Debug|Win32
		{D3BB5BA9-515B-414A-B80A-486567F17B48}.Release|x64.ActiveCfg = Release|Win32
		{D3BB5BA9-515B-414A-B80A-486567F17B48}.Release|x86.ActiveCfg = Release|Win32
		{D3BB5BA9-515B-414A-B80A-486567F17B48}.Release|x86.Build.0 = Release|Win32
		{3FAF62F1-BC2E-445D-AECA-653CFBE83387}.Debug|x64.ActiveCfg = Debug|Win32
		{3FAF62F1-BC2E-445D-AECA-653CFBE83387}.Debug|x86.ActiveCfg = Debug|Win32
		{3FAF62F1-BC2E-445D-AECA-653CFBE83387}.Debug|x86.Build.0 = Debug|Win32
		{3FAF62F1-BC2E-445D-AECA-653CFBE83387}.Release|x64.ActiveCfg = Release|Win32
		{3FAF62F1-BC2E-445D-AECA-653CFBE83387}.Release|x86.ActiveCfg = Release|Win32
		{3FAF62F1-BC2E-445D-AECA-653CFBE83387}.Release|x86.Build.0 = Release|Win32
		{47DC9668-DD17-4E84-A93E-9F7C38D37900}.Debug|x64.ActiveCfg = Debug|Win32
		{47DC9668-DD17-4E84-A93E-9F7C38D37900}.Debug|x86.ActiveCfg = Debug|Win32
		{47DC9668-DD17-4E84-A93E-9F7C38D37900}.Debug|x86.Build.0 = Debug|Win32
		{47DC9668-DD17-4E84-A93E-9F7C38D37900}.Release|x64.ActiveCfg = Release|Win32
		{47DC9668-DD17-4E84-A93E-9F7C38D37900}.Release|x86.ActiveCfg = Release|Win32
		{47DC9668-DD17-4E84-A93E-9F7C38D37900}.Release|x86.Build.0 = Release|Win32
		{8BF00763-2101-4118-A200-EF419B0161AD}.Debug|x64.ActiveCfg = Debug|x64
		{8BF00763-2101-4118-A200-EF419B0161AD}.Debug|x64.Build.0 = Debug|x64
		{8BF00763-2101-4118-A200-EF419B0161AD}.Debug|x86.ActiveCfg = Debug|Win32
		{8BF00763-2101-4118-A200-EF419B0161AD}.Debug|x86.Build.0 = Debug|Win32
		{8BF00763-2101-4118-A200-EF419B0161AD}.Release|x64.ActiveCfg = Release|x64
		{8BF00763-2101-4118-A200-EF419B0161AD}.Release|x64.Build.0 = Release|x64
		{8BF00763-2101-4118-A200-EF419B0161AD}.Release|x86.ActiveCfg = Release|Win32
		{8BF00763-2101-4118-A200-EF419B0161AD}.Release|x86.Build.0 = Release|Win32
		{92BA860B-D942-4601-97E3-EAE4839ABFE4}.Debug|x64.ActiveCfg = Debug|x64
		{92BA860B-D942-4601-97E3-EAE4839ABFE4}.Debug|x64.Build.0 = Debug|x64
		{92BA860B-D942-4601-97E3-EAE4839ABFE4}.Debug|x86.ActiveCfg = Debug|x64
		{92BA860B-D942-4601-97E3-EAE4839ABFE4}.Release|x64.ActiveCfg = Release|x64
		{92BA860B-D942-4601-97E3-EAE4839ABFE4}.Release|x64.Build.0 = Release|x64
		{92BA860B-D942-4601-97E3-EAE4839ABFE4}.Release|x86.ActiveCfg = Release|x64
		{3AA22119-43D8-461B-B5F9-39A6AA87A1FA}.Debug|x64.ActiveCfg = Debug|Win32
		{3AA22119-43D8-461B-B5F9-39A6AA87A1FA}.Debug|x86.ActiveCfg = Debug|Win32
		{3AA22119-43D8-461B-B5F9-39A6AA87A1FA}.Debug|x86.Build.0 = Debug|Win32
		{3AA22119-43D8-461B-B5F9-39A6AA87A1FA}.Release|x64.ActiveCfg = Release|Win32
		{3AA22119-43D8-461B-B5F9-39A6AA87A1FA}.Release|x86.ActiveCfg = Release|Win32
		{3AA22119-43D8-461B-B5F9-39A6AA87A1FA}.Release|x86.Build.0 = Release|Win32
		{D4AFE70F-C9F7-46E5-A177-9C740C84A4DD}.Debug|x64.ActiveCfg = Debug|x64
		{D4AFE70F-C9F7-46E5-A177-9C740C84A4DD}.Debug|x64.Build.0 = Debug|x64
		{D4AFE70F-C9F7-46E5-A177-9C740C84A4DD}.Debug|x86.ActiveCfg = Debug|Win32
		{D4AFE70F-C9F7-46E5-A177-9C740C84A4DD}.Debug|x86.Build.0 = Debug|Win32
		{D4AFE70F-C9F7-46E5-A177-9C740C84A4DD}.Release|x64.ActiveCfg = Release|x64
		{D4AFE70F-C9F7-46E5-A177-9C740C84A4DD}.Release|x64.Build.0 = Release|x64
		{D4AFE70F-C9F7-46E5-A177-9C740C84A4DD}.Release|x86.ActiveCfg = Release|Win32
		{D4AFE70F-C9F7-46E5-A177-9C740C84A4DD}.Release|x86.Build.0 = Release|Win32
		{377FC936-D31E-43DB-A42A-A1418977BC58}.Debug|x64.ActiveCfg = Debug|x64
		{377FC936-D31E-43DB-A42A-A1418977BC58}.Debug|x64.Build.0 = Debug|x64
		{377FC936-D31E-43DB-A42A-A1418977BC58}.Debug|x86.ActiveCfg = Debug|x64
		{377FC936-D31E-43DB-A42A-A1418977BC58}.Release|x64.ActiveCfg = Release|x64
		{377FC936-D31E-43DB-A42A-A1418977BC58}.Release|x64.Build.0 = Release|x64
		{377FC936-D31E-43DB-A42A-A1418977BC58}.Release|x86.ActiveCfg = Release|x64
		{551CFB0D-5983-49C3-9CDF-16CEA881FBC2}.Debug|x64.ActiveCfg = Debug|x64
		{551CFB0D-5983-49C3-9CDF-16CEA881FBC2}.Debug|x64.Build.0 = Debug|x64
		{551CFB0D-5983-49C3-9CDF-16CEA881FBC2}.Debug|x86.ActiveCfg = Debug|Win32
		{551CFB0D-5983-49C3-9CDF-16CEA881FBC2}.Debug|x86.Build.0 = Debug|Win32
		{551CFB0D-5983-49C3-9CDF-16CEA881FBC2}.Release|x64.ActiveCfg = Release|x64
		{551CFB0D-5983-49C3-9CDF-16CEA881FBC2}.Release|x64.Build.0 = Release|x64
		{551CFB0D-5983-49C3-9CDF-16CEA881FBC2}.Release|x86.ActiveCfg = Release|Win32
		{551CFB0D-5983-49C3-9CDF-16CEA881FBC2}.Release|x86.Build.0 = Release|Win32
	EndGlobalSection
	GlobalSection(SolutionProperties) = preSolution
		HideSolutionNode = FALSE
	EndGlobalSection
	GlobalSection(ExtensibilityGlobals) = postSolution
		SolutionGuid = {FC7D38A5-7BA6-47F4-81F7-927A7C13B392}
	EndGlobalSection
EndGlobal
