
Microsoft Visual Studio Solution File, Format Version 12.00
# Visual Studio Version 16
VisualStudioVersion = 16.0.29326.143
MinimumVisualStudioVersion = 10.0.40219.1
Project("{8BC9CEB8-8B4A-11D0-8D11-00A0C91BC942}") = "11-TimedMsgBox", "11-TimedMsgBox\11-TimedMsgBox.vcxproj", "{D799FCB2-1D9A-4A40-8B21-5ADACE1B31CE}"
EndProject
Global
	GlobalSection(SolutionConfigurationPlatforms) = preSolution
		Debug|x64 = Debug|x64
		Debug|x86 = Debug|x86
		Release|x64 = Release|x64
		Release|x86 = Release|x86
	EndGlobalSection
	GlobalSection(ProjectConfigurationPlatforms) = postSolution
		{D799FCB2-1D9A-4A40-8B21-5ADACE1B31CE}.Debug|x64.ActiveCfg = Debug|x64
		{D799FCB2-1D9A-4A40-8B21-5ADACE1B31CE}.Debug|x64.Build.0 = Debug|x64
		{D799FCB2-1D9A-4A40-8B21-5ADACE1B31CE}.Debug|x86.ActiveCfg = Debug|Win32
		{D799FCB2-1D9A-4A40-8B21-5ADACE1B31CE}.Debug|x86.Build.0 = Debug|Win32
		{D799FCB2-1D9A-4A40-8B21-5ADACE1B31CE}.Release|x64.ActiveCfg = Release|x64
		{D799FCB2-1D9A-4A40-8B21-5ADACE1B31CE}.Release|x64.Build.0 = Release|x64
		{D799FCB2-1D9A-4A40-8B21-5ADACE1B31CE}.Release|x86.ActiveCfg = Release|Win32
		{D799FCB2-1D9A-4A40-8B21-5ADACE1B31CE}.Release|x86.Build.0 = Release|Win32
	EndGlobalSection
	GlobalSection(SolutionProperties) = preSolution
		HideSolutionNode = FALSE
	EndGlobalSection
	GlobalSection(ExtensibilityGlobals) = postSolution
		SolutionGuid = {58A64F7C-D15C-449B-9542-8D5F6C36CEC1}
	EndGlobalSection
EndGlobal
